
Microsoft Visual Studio Solution File, Format Version 12.00
# Visual Studio Version 16
VisualStudioVersion = 16.0.29911.84
MinimumVisualStudioVersion = 10.0.40219.1
Project("{9A19103F-16F7-4668-BE54-9A1E7A4F7556}") = "SchaapjeOpdracht", "SchaapjeOpdracht\SchaapjeOpdracht.csproj", "{724FECB7-360D-4EEF-B438-193B8D0E7F4B}"
EndProject
Project("{FAE04EC0-301F-11D3-BF4B-00C04F79EFBC}") = "UnitTestsSchaapje", "UnitTestsSchaapje\UnitTestsSchaapje.csproj", "{6FE0FA88-5441-4BB0-B0D6-1F355BE49563}"
EndProject
Global
	GlobalSection(SolutionConfigurationPlatforms) = preSolution
		Debug|Any CPU = Debug|Any CPU
		Release|Any CPU = Release|Any CPU
	EndGlobalSection
	GlobalSection(ProjectConfigurationPlatforms) = postSolution
		{724FECB7-360D-4EEF-B438-193B8D0E7F4B}.Debug|Any CPU.ActiveCfg = Debug|Any CPU
		{724FECB7-360D-4EEF-B438-193B8D0E7F4B}.Debug|Any CPU.Build.0 = Debug|Any CPU
		{724FECB7-360D-4EEF-B438-193B8D0E7F4B}.Release|Any CPU.ActiveCfg = Release|Any CPU
		{724FECB7-360D-4EEF-B438-193B8D0E7F4B}.Release|Any CPU.Build.0 = Release|Any CPU
		{6FE0FA88-5441-4BB0-B0D6-1F355BE49563}.Debug|Any CPU.ActiveCfg = Debug|Any CPU
		{6FE0FA88-5441-4BB0-B0D6-1F355BE49563}.Debug|Any CPU.Build.0 = Debug|Any CPU
		{6FE0FA88-5441-4BB0-B0D6-1F355BE49563}.Release|Any CPU.ActiveCfg = Release|Any CPU
		{6FE0FA88-5441-4BB0-B0D6-1F355BE49563}.Release|Any CPU.Build.0 = Release|Any CPU
	EndGlobalSection
	GlobalSection(SolutionProperties) = preSolution
		HideSolutionNode = FALSE
	EndGlobalSection
	GlobalSection(ExtensibilityGlobals) = postSolution
		SolutionGuid = {E945F78F-2E9F-4162-88EF-BFF5682BCF37}
	EndGlobalSection
EndGlobal
